
Microsoft Visual Studio Solution File, Format Version 12.00
# Visual Studio Version 17
VisualStudioVersion = 17.12.35707.178
MinimumVisualStudioVersion = 10.0.40219.1
Project("{FAE04EC0-301F-11D3-BF4B-00C04F79EFBC}") = "SmartUpkeepManager", "SmartUpkeepManager.csproj", "{E7A7EEF6-0733-4560-BA0C-CC80AF445D42}"
EndProject
Project("{D954291E-2A0B-460D-934E-DC6B0785DB48}") = "StarQ.Shared", "..\..\ModsPersonal\StarQ.Shared\StarQ.Shared.shproj", "{01189E6E-61CB-4C5D-ACF7-1BA0A2C819AB}"
EndProject
Global
	GlobalSection(SolutionConfigurationPlatforms) = preSolution
		Debug|Any CPU = Debug|Any CPU
		Release|Any CPU = Release|Any CPU
	EndGlobalSection
	GlobalSection(ProjectConfigurationPlatforms) = postSolution
		{E7A7EEF6-0733-4560-BA0C-CC80AF445D42}.Debug|Any CPU.ActiveCfg = Debug|Any CPU
		{E7A7EEF6-0733-4560-BA0C-CC80AF445D42}.Debug|Any CPU.Build.0 = Debug|Any CPU
		{E7A7EEF6-0733-4560-BA0C-CC80AF445D42}.Release|Any CPU.ActiveCfg = Release|Any CPU
		{E7A7EEF6-0733-4560-BA0C-CC80AF445D42}.Release|Any CPU.Build.0 = Release|Any CPU
	EndGlobalSection
	GlobalSection(SolutionProperties) = preSolution
		HideSolutionNode = FALSE
	EndGlobalSection
	GlobalSection(ExtensibilityGlobals) = postSolution
		SolutionGuid = {1083CB37-E035-45D1-B94A-E763D944D75B}
	EndGlobalSection
	GlobalSection(SharedMSBuildProjectFiles) = preSolution
		..\..\ModsPersonal\StarQ.Shared\StarQ.Shared.projitems*{01189e6e-61cb-4c5d-acf7-1ba0a2c819ab}*SharedItemsImports = 13
		..\..\ModsPersonal\StarQ.Shared\StarQ.Shared.projitems*{e7a7eef6-0733-4560-ba0c-cc80af445d42}*SharedItemsImports = 5
	EndGlobalSection
EndGlobal
